// !$*UTF8*$!
{
	archiveVersion = 1;
	classes = {
	};
	objectVersion = 46;
	objects = {

/* Begin PBXBuildFile section */
		120B4B031B518BF7009C27FE /* YZAssetGroupSelectionViewController.m in Sources */ = {isa = PBXBuildFile; fileRef = 120B4B021B518BF7009C27FE /* YZAssetGroupSelectionViewController.m */; };
		1229B3111B58FFA200C8D1D9 /* YZImagePickerSelectedFlowLayout.m in Sources */ = {isa = PBXBuildFile; fileRef = 1229B3101B58FFA200C8D1D9 /* YZImagePickerSelectedFlowLayout.m */; };
		12379FE01A0B005E00E04B26 /* main.m in Sources */ = {isa = PBXBuildFile; fileRef = 12379FDF1A0B005E00E04B26 /* main.m */; };
		12379FE31A0B005E00E04B26 /* AppDelegate.m in Sources */ = {isa = PBXBuildFile; fileRef = 12379FE21A0B005E00E04B26 /* AppDelegate.m */; };
		12379FE91A0B005E00E04B26 /* Main.storyboard in Resources */ = {isa = PBXBuildFile; fileRef = 12379FE71A0B005E00E04B26 /* Main.storyboard */; };
		12379FEB1A0B005E00E04B26 /* Images.xcassets in Resources */ = {isa = PBXBuildFile; fileRef = 12379FEA1A0B005E00E04B26 /* Images.xcassets */; };
		12379FEE1A0B005E00E04B26 /* LaunchScreen.xib in Resources */ = {isa = PBXBuildFile; fileRef = 12379FEC1A0B005E00E04B26 /* LaunchScreen.xib */; };
		12379FFA1A0B005E00E04B26 /* YZImagePickerDemoTests.m in Sources */ = {isa = PBXBuildFile; fileRef = 12379FF91A0B005E00E04B26 /* YZImagePickerDemoTests.m */; };
		1237A0101A0B242B00E04B26 /* YZMainViewController.m in Sources */ = {isa = PBXBuildFile; fileRef = 1237A00F1A0B242B00E04B26 /* YZMainViewController.m */; };
		1237A0121A0B2FA800E04B26 /* AssetsLibrary.framework in Frameworks */ = {isa = PBXBuildFile; fileRef = 1237A0111A0B2FA800E04B26 /* AssetsLibrary.framework */; };
		1237A0261A0B47FC00E04B26 /* YZImagePickerMainImageCell.m in Sources */ = {isa = PBXBuildFile; fileRef = 1237A0241A0B47FC00E04B26 /* YZImagePickerMainImageCell.m */; };
		1237A0281A0B487600E04B26 /* sailing_hook_island.jpg in Resources */ = {isa = PBXBuildFile; fileRef = 1237A0271A0B487600E04B26 /* sailing_hook_island.jpg */; };
		1237A02C1A0B497400E04B26 /* YZImagePickerViewController.m in Sources */ = {isa = PBXBuildFile; fileRef = 1237A02A1A0B497400E04B26 /* YZImagePickerViewController.m */; };
		12AB6D3D1B590A43002064DB /* YZImagePickerMainFlowLayout.m in Sources */ = {isa = PBXBuildFile; fileRef = 12AB6D3C1B590A43002064DB /* YZImagePickerMainFlowLayout.m */; };
/* End PBXBuildFile section */

/* Begin PBXContainerItemProxy section */
		12379FF41A0B005E00E04B26 /* PBXContainerItemProxy */ = {
			isa = PBXContainerItemProxy;
			containerPortal = 12379FD21A0B005E00E04B26 /* Project object */;
			proxyType = 1;
			remoteGlobalIDString = 12379FD91A0B005E00E04B26;
			remoteInfo = YZImagePickerDemo;
		};
/* End PBXContainerItemProxy section */

/* Begin PBXFileReference section */
		120B4B011B518BF7009C27FE /* YZAssetGroupSelectionViewController.h */ = {isa = PBXFileReference; fileEncoding = 4; lastKnownFileType = sourcecode.c.h; path = YZAssetGroupSelectionViewController.h; sourceTree = "<group>"; };
		120B4B021B518BF7009C27FE /* YZAssetGroupSelectionViewController.m */ = {isa = PBXFileReference; fileEncoding = 4; lastKnownFileType = sourcecode.c.objc; path = YZAssetGroupSelectionViewController.m; sourceTree = "<group>"; };
		1229B30F1B58FFA200C8D1D9 /* YZImagePickerSelectedFlowLayout.h */ = {isa = PBXFileReference; fileEncoding = 4; lastKnownFileType = sourcecode.c.h; path = YZImagePickerSelectedFlowLayout.h; sourceTree = "<group>"; };
		1229B3101B58FFA200C8D1D9 /* YZImagePickerSelectedFlowLayout.m */ = {isa = PBXFileReference; fileEncoding = 4; lastKnownFileType = sourcecode.c.objc; path = YZImagePickerSelectedFlowLayout.m; sourceTree = "<group>"; };
		12379FDA1A0B005E00E04B26 /* YZImagePickerDemo.app */ = {isa = PBXFileReference; explicitFileType = wrapper.application; includeInIndex = 0; path = YZImagePickerDemo.app; sourceTree = BUILT_PRODUCTS_DIR; };
		12379FDE1A0B005E00E04B26 /* Info.plist */ = {isa = PBXFileReference; lastKnownFileType = text.plist.xml; path = Info.plist; sourceTree = "<group>"; };
		12379FDF1A0B005E00E04B26 /* main.m */ = {isa = PBXFileReference; lastKnownFileType = sourcecode.c.objc; path = main.m; sourceTree = "<group>"; };
		12379FE11A0B005E00E04B26 /* AppDelegate.h */ = {isa = PBXFileReference; lastKnownFileType = sourcecode.c.h; path = AppDelegate.h; sourceTree = "<group>"; };
		12379FE21A0B005E00E04B26 /* AppDelegate.m */ = {isa = PBXFileReference; lastKnownFileType = sourcecode.c.objc; path = AppDelegate.m; sourceTree = "<group>"; };
		12379FE81A0B005E00E04B26 /* Base */ = {isa = PBXFileReference; lastKnownFileType = file.storyboard; name = Base; path = Base.lproj/Main.storyboard; sourceTree = "<group>"; };
		12379FEA1A0B005E00E04B26 /* Images.xcassets */ = {isa = PBXFileReference; lastKnownFileType = folder.assetcatalog; path = Images.xcassets; sourceTree = "<group>"; };
		12379FED1A0B005E00E04B26 /* Base */ = {isa = PBXFileReference; lastKnownFileType = file.xib; name = Base; path = Base.lproj/LaunchScreen.xib; sourceTree = "<group>"; };
		12379FF31A0B005E00E04B26 /* YZImagePickerDemoTests.xctest */ = {isa = PBXFileReference; explicitFileType = wrapper.cfbundle; includeInIndex = 0; path = YZImagePickerDemoTests.xctest; sourceTree = BUILT_PRODUCTS_DIR; };
		12379FF81A0B005E00E04B26 /* Info.plist */ = {isa = PBXFileReference; lastKnownFileType = text.plist.xml; path = Info.plist; sourceTree = "<group>"; };
		12379FF91A0B005E00E04B26 /* YZImagePickerDemoTests.m */ = {isa = PBXFileReference; lastKnownFileType = sourcecode.c.objc; path = YZImagePickerDemoTests.m; sourceTree = "<group>"; };
		1237A00E1A0B242B00E04B26 /* YZMainViewController.h */ = {isa = PBXFileReference; fileEncoding = 4; lastKnownFileType = sourcecode.c.h; path = YZMainViewController.h; sourceTree = "<group>"; };
		1237A00F1A0B242B00E04B26 /* YZMainViewController.m */ = {isa = PBXFileReference; fileEncoding = 4; lastKnownFileType = sourcecode.c.objc; path = YZMainViewController.m; sourceTree = "<group>"; };
		1237A0111A0B2FA800E04B26 /* AssetsLibrary.framework */ = {isa = PBXFileReference; lastKnownFileType = wrapper.framework; name = AssetsLibrary.framework; path = System/Library/Frameworks/AssetsLibrary.framework; sourceTree = SDKROOT; };
		1237A0231A0B47FC00E04B26 /* YZImagePickerMainImageCell.h */ = {isa = PBXFileReference; fileEncoding = 4; lastKnownFileType = sourcecode.c.h; path = YZImagePickerMainImageCell.h; sourceTree = "<group>"; };
		1237A0241A0B47FC00E04B26 /* YZImagePickerMainImageCell.m */ = {isa = PBXFileReference; fileEncoding = 4; lastKnownFileType = sourcecode.c.objc; path = YZImagePickerMainImageCell.m; sourceTree = "<group>"; };
		1237A0271A0B487600E04B26 /* sailing_hook_island.jpg */ = {isa = PBXFileReference; lastKnownFileType = image.jpeg; path = sailing_hook_island.jpg; sourceTree = "<group>"; };
		1237A0291A0B497400E04B26 /* YZImagePickerViewController.h */ = {isa = PBXFileReference; fileEncoding = 4; lastKnownFileType = sourcecode.c.h; path = YZImagePickerViewController.h; sourceTree = "<group>"; };
		1237A02A1A0B497400E04B26 /* YZImagePickerViewController.m */ = {isa = PBXFileReference; fileEncoding = 4; lastKnownFileType = sourcecode.c.objc; path = YZImagePickerViewController.m; sourceTree = "<group>"; };
		12AB6D3B1B590A43002064DB /* YZImagePickerMainFlowLayout.h */ = {isa = PBXFileReference; fileEncoding = 4; lastKnownFileType = sourcecode.c.h; path = YZImagePickerMainFlowLayout.h; sourceTree = "<group>"; };
		12AB6D3C1B590A43002064DB /* YZImagePickerMainFlowLayout.m */ = {isa = PBXFileReference; fileEncoding = 4; lastKnownFileType = sourcecode.c.objc; path = YZImagePickerMainFlowLayout.m; sourceTree = "<group>"; };
		611552BDC984B62C26CD4F4C /* libPods-YZImagePickerDemo.a */ = {isa = PBXFileReference; explicitFileType = archive.ar; includeInIndex = 0; path = "libPods-YZImagePickerDemo.a"; sourceTree = BUILT_PRODUCTS_DIR; };
		BDC9D5E574076C5080CD31F1 /* Pods-YZImagePickerDemo.release.xcconfig */ = {isa = PBXFileReference; includeInIndex = 1; lastKnownFileType = text.xcconfig; name = "Pods-YZImagePickerDemo.release.xcconfig"; path = "Pods/Target Support Files/Pods-YZImagePickerDemo/Pods-YZImagePickerDemo.release.xcconfig"; sourceTree = "<group>"; };
		CB0E9C125640BC2B173627E5 /* Pods-YZImagePickerDemo.debug.xcconfig */ = {isa = PBXFileReference; includeInIndex = 1; lastKnownFileType = text.xcconfig; name = "Pods-YZImagePickerDemo.debug.xcconfig"; path = "Pods/Target Support Files/Pods-YZImagePickerDemo/Pods-YZImagePickerDemo.debug.xcconfig"; sourceTree = "<group>"; };
/* End PBXFileReference section */

/* Begin PBXFrameworksBuildPhase section */
		12379FD71A0B005E00E04B26 /* Frameworks */ = {
			isa = PBXFrameworksBuildPhase;
			buildActionMask = 2147483647;
			files = (
				1237A0121A0B2FA800E04B26 /* AssetsLibrary.framework in Frameworks */,
			);
			runOnlyForDeploymentPostprocessing = 0;
		};
		12379FF01A0B005E00E04B26 /* Frameworks */ = {
			isa = PBXFrameworksBuildPhase;
			buildActionMask = 2147483647;
			files = (
			);
			runOnlyForDeploymentPostprocessing = 0;
		};
/* End PBXFrameworksBuildPhase section */

/* Begin PBXGroup section */
		12379FD11A0B005E00E04B26 = {
			isa = PBXGroup;
			children = (
				1237A0031A0B013700E04B26 /* YZImagePicker */,
				12379FDC1A0B005E00E04B26 /* YZImagePickerDemo */,
				12379FF61A0B005E00E04B26 /* YZImagePickerDemoTests */,
				12379FDB1A0B005E00E04B26 /* Products */,
				DBDFE2711FCDDA3B5F132E26 /* Pods */,
				D399D0D6A37FD4821D78FC12 /* Frameworks */,
			);
			sourceTree = "<group>";
		};
		12379FDB1A0B005E00E04B26 /* Products */ = {
			isa = PBXGroup;
			children = (
				12379FDA1A0B005E00E04B26 /* YZImagePickerDemo.app */,
				12379FF31A0B005E00E04B26 /* YZImagePickerDemoTests.xctest */,
			);
			name = Products;
			sourceTree = "<group>";
		};
		12379FDC1A0B005E00E04B26 /* YZImagePickerDemo */ = {
			isa = PBXGroup;
			children = (
				12379FE11A0B005E00E04B26 /* AppDelegate.h */,
				12379FE21A0B005E00E04B26 /* AppDelegate.m */,
				1237A00E1A0B242B00E04B26 /* YZMainViewController.h */,
				1237A00F1A0B242B00E04B26 /* YZMainViewController.m */,
				12379FE71A0B005E00E04B26 /* Main.storyboard */,
				12379FEA1A0B005E00E04B26 /* Images.xcassets */,
				12379FEC1A0B005E00E04B26 /* LaunchScreen.xib */,
				1237A0271A0B487600E04B26 /* sailing_hook_island.jpg */,
				12379FDD1A0B005E00E04B26 /* Supporting Files */,
			);
			path = YZImagePickerDemo;
			sourceTree = "<group>";
		};
		12379FDD1A0B005E00E04B26 /* Supporting Files */ = {
			isa = PBXGroup;
			children = (
				12379FDE1A0B005E00E04B26 /* Info.plist */,
				12379FDF1A0B005E00E04B26 /* main.m */,
			);
			name = "Supporting Files";
			sourceTree = "<group>";
		};
		12379FF61A0B005E00E04B26 /* YZImagePickerDemoTests */ = {
			isa = PBXGroup;
			children = (
				12379FF91A0B005E00E04B26 /* YZImagePickerDemoTests.m */,
				12379FF71A0B005E00E04B26 /* Supporting Files */,
			);
			path = YZImagePickerDemoTests;
			sourceTree = "<group>";
		};
		12379FF71A0B005E00E04B26 /* Supporting Files */ = {
			isa = PBXGroup;
			children = (
				12379FF81A0B005E00E04B26 /* Info.plist */,
			);
			name = "Supporting Files";
			sourceTree = "<group>";
		};
		1237A0031A0B013700E04B26 /* YZImagePicker */ = {
			isa = PBXGroup;
			children = (
				120B4B011B518BF7009C27FE /* YZAssetGroupSelectionViewController.h */,
				120B4B021B518BF7009C27FE /* YZAssetGroupSelectionViewController.m */,
				12AB6D3B1B590A43002064DB /* YZImagePickerMainFlowLayout.h */,
				12AB6D3C1B590A43002064DB /* YZImagePickerMainFlowLayout.m */,
				1229B30F1B58FFA200C8D1D9 /* YZImagePickerSelectedFlowLayout.h */,
				1229B3101B58FFA200C8D1D9 /* YZImagePickerSelectedFlowLayout.m */,
				1237A0291A0B497400E04B26 /* YZImagePickerViewController.h */,
				1237A02A1A0B497400E04B26 /* YZImagePickerViewController.m */,
				1237A0231A0B47FC00E04B26 /* YZImagePickerMainImageCell.h */,
				1237A0241A0B47FC00E04B26 /* YZImagePickerMainImageCell.m */,
			);
			name = YZImagePicker;
			path = ../YZImagePicker;
			sourceTree = "<group>";
		};
		D399D0D6A37FD4821D78FC12 /* Frameworks */ = {
			isa = PBXGroup;
			children = (
				1237A0111A0B2FA800E04B26 /* AssetsLibrary.framework */,
				611552BDC984B62C26CD4F4C /* libPods-YZImagePickerDemo.a */,
			);
			name = Frameworks;
			sourceTree = "<group>";
		};
		DBDFE2711FCDDA3B5F132E26 /* Pods */ = {
			isa = PBXGroup;
			children = (
				CB0E9C125640BC2B173627E5 /* Pods-YZImagePickerDemo.debug.xcconfig */,
				BDC9D5E574076C5080CD31F1 /* Pods-YZImagePickerDemo.release.xcconfig */,
			);
			name = Pods;
			sourceTree = "<group>";
		};
/* End PBXGroup section */

/* Begin PBXNativeTarget section */
		12379FD91A0B005E00E04B26 /* YZImagePickerDemo */ = {
			isa = PBXNativeTarget;
			buildConfigurationList = 12379FFD1A0B005E00E04B26 /* Build configuration list for PBXNativeTarget "YZImagePickerDemo" */;
			buildPhases = (
				12379FD61A0B005E00E04B26 /* Sources */,
				12379FD71A0B005E00E04B26 /* Frameworks */,
				12379FD81A0B005E00E04B26 /* Resources */,
			);
			buildRules = (
			);
			dependencies = (
			);
			name = YZImagePickerDemo;
			productName = YZImagePickerDemo;
			productReference = 12379FDA1A0B005E00E04B26 /* YZImagePickerDemo.app */;
			productType = "com.apple.product-type.application";
		};
		12379FF21A0B005E00E04B26 /* YZImagePickerDemoTests */ = {
			isa = PBXNativeTarget;
			buildConfigurationList = 1237A0001A0B005E00E04B26 /* Build configuration list for PBXNativeTarget "YZImagePickerDemoTests" */;
			buildPhases = (
				12379FEF1A0B005E00E04B26 /* Sources */,
				12379FF01A0B005E00E04B26 /* Frameworks */,
				12379FF11A0B005E00E04B26 /* Resources */,
			);
			buildRules = (
			);
			dependencies = (
				12379FF51A0B005E00E04B26 /* PBXTargetDependency */,
			);
			name = YZImagePickerDemoTests;
			productName = YZImagePickerDemoTests;
			productReference = 12379FF31A0B005E00E04B26 /* YZImagePickerDemoTests.xctest */;
			productType = "com.apple.product-type.bundle.unit-test";
		};
/* End PBXNativeTarget section */

/* Begin PBXProject section */
		12379FD21A0B005E00E04B26 /* Project object */ = {
			isa = PBXProject;
			attributes = {
				LastUpgradeCheck = 0610;
				ORGANIZATIONNAME = "Yichi Zhang";
				TargetAttributes = {
					12379FD91A0B005E00E04B26 = {
						CreatedOnToolsVersion = 6.1;
					};
					12379FF21A0B005E00E04B26 = {
						CreatedOnToolsVersion = 6.1;
						TestTargetID = 12379FD91A0B005E00E04B26;
					};
				};
			};
			buildConfigurationList = 12379FD51A0B005E00E04B26 /* Build configuration list for PBXProject "YZImagePickerDemo" */;
			compatibilityVersion = "Xcode 3.2";
			developmentRegion = English;
			hasScannedForEncodings = 0;
			knownRegions = (
				en,
				Base,
			);
			mainGroup = 12379FD11A0B005E00E04B26;
			productRefGroup = 12379FDB1A0B005E00E04B26 /* Products */;
			projectDirPath = "";
			projectRoot = "";
			targets = (
				12379FD91A0B005E00E04B26 /* YZImagePickerDemo */,
				12379FF21A0B005E00E04B26 /* YZImagePickerDemoTests */,
			);
		};
/* End PBXProject section */

/* Begin PBXResourcesBuildPhase section */
		12379FD81A0B005E00E04B26 /* Resources */ = {
			isa = PBXResourcesBuildPhase;
			buildActionMask = 2147483647;
			files = (
				12379FE91A0B005E00E04B26 /* Main.storyboard in Resources */,
				12379FEE1A0B005E00E04B26 /* LaunchScreen.xib in Resources */,
				12379FEB1A0B005E00E04B26 /* Images.xcassets in Resources */,
				1237A0281A0B487600E04B26 /* sailing_hook_island.jpg in Resources */,
			);
			runOnlyForDeploymentPostprocessing = 0;
		};
		12379FF11A0B005E00E04B26 /* Resources */ = {
			isa = PBXResourcesBuildPhase;
			buildActionMask = 2147483647;
			files = (
			);
			runOnlyForDeploymentPostprocessing = 0;
		};
/* End PBXResourcesBuildPhase section */

/* Begin PBXSourcesBuildPhase section */
		12379FD61A0B005E00E04B26 /* Sources */ = {
			isa = PBXSourcesBuildPhase;
			buildActionMask = 2147483647;
			files = (
				12379FE31A0B005E00E04B26 /* AppDelegate.m in Sources */,
				1237A0101A0B242B00E04B26 /* YZMainViewController.m in Sources */,
				1237A02C1A0B497400E04B26 /* YZImagePickerViewController.m in Sources */,
				1237A0261A0B47FC00E04B26 /* YZImagePickerMainImageCell.m in Sources */,
				1229B3111B58FFA200C8D1D9 /* YZImagePickerSelectedFlowLayout.m in Sources */,
				12379FE01A0B005E00E04B26 /* main.m in Sources */,
				120B4B031B518BF7009C27FE /* YZAssetGroupSelectionViewController.m in Sources */,
				12AB6D3D1B590A43002064DB /* YZImagePickerMainFlowLayout.m in Sources */,
			);
			runOnlyForDeploymentPostprocessing = 0;
		};
		12379FEF1A0B005E00E04B26 /* Sources */ = {
			isa = PBXSourcesBuildPhase;
			buildActionMask = 2147483647;
			files = (
				12379FFA1A0B005E00E04B26 /* YZImagePickerDemoTests.m in Sources */,
			);
			runOnlyForDeploymentPostprocessing = 0;
		};
/* End PBXSourcesBuildPhase section */

/* Begin PBXTargetDependency section */
		12379FF51A0B005E00E04B26 /* PBXTargetDependency */ = {
			isa = PBXTargetDependency;
			target = 12379FD91A0B005E00E04B26 /* YZImagePickerDemo */;
			targetProxy = 12379FF41A0B005E00E04B26 /* PBXContainerItemProxy */;
		};
/* End PBXTargetDependency section */

/* Begin PBXVariantGroup section */
		12379FE71A0B005E00E04B26 /* Main.storyboard */ = {
			isa = PBXVariantGroup;
			children = (
				12379FE81A0B005E00E04B26 /* Base */,
			);
			name = Main.storyboard;
			sourceTree = "<group>";
		};
		12379FEC1A0B005E00E04B26 /* LaunchScreen.xib */ = {
			isa = PBXVariantGroup;
			children = (
				12379FED1A0B005E00E04B26 /* Base */,
			);
			name = LaunchScreen.xib;
			sourceTree = "<group>";
		};
/* End PBXVariantGroup section */

/* Begin XCBuildConfiguration section */
		12379FFB1A0B005E00E04B26 /* Debug */ = {
			isa = XCBuildConfiguration;
			buildSettings = {
				ALWAYS_SEARCH_USER_PATHS = NO;
				CLANG_CXX_LANGUAGE_STANDARD = "gnu++0x";
				CLANG_CXX_LIBRARY = "libc++";
				CLANG_ENABLE_MODULES = YES;
				CLANG_ENABLE_OBJC_ARC = YES;
				CLANG_WARN_BOOL_CONVERSION = YES;
				CLANG_WARN_CONSTANT_CONVERSION = YES;
				CLANG_WARN_DIRECT_OBJC_ISA_USAGE = YES_ERROR;
				CLANG_WARN_EMPTY_BODY = YES;
				CLANG_WARN_ENUM_CONVERSION = YES;
				CLANG_WARN_INT_CONVERSION = YES;
				CLANG_WARN_OBJC_ROOT_CLASS = YES_ERROR;
				CLANG_WARN_UNREACHABLE_CODE = YES;
				CLANG_WARN__DUPLICATE_METHOD_MATCH = YES;
				"CODE_SIGN_IDENTITY[sdk=iphoneos*]" = "iPhone Developer";
				COPY_PHASE_STRIP = NO;
				ENABLE_STRICT_OBJC_MSGSEND = YES;
				GCC_C_LANGUAGE_STANDARD = gnu99;
				GCC_DYNAMIC_NO_PIC = NO;
				GCC_OPTIMIZATION_LEVEL = 0;
				GCC_PREPROCESSOR_DEFINITIONS = (
					"DEBUG=1",
					"$(inherited)",
				);
				GCC_SYMBOLS_PRIVATE_EXTERN = NO;
				GCC_WARN_64_TO_32_BIT_CONVERSION = YES;
				GCC_WARN_ABOUT_RETURN_TYPE = YES_ERROR;
				GCC_WARN_UNDECLARED_SELECTOR = YES;
				GCC_WARN_UNINITIALIZED_AUTOS = YES_AGGRESSIVE;
				GCC_WARN_UNUSED_FUNCTION = YES;
				GCC_WARN_UNUSED_VARIABLE = YES;
				IPHONEOS_DEPLOYMENT_TARGET = 8.1;
				MTL_ENABLE_DEBUG_INFO = YES;
				ONLY_ACTIVE_ARCH = YES;
				SDKROOT = iphoneos;
				TARGETED_DEVICE_FAMILY = "1,2";
			};
			name = Debug;
		};
		12379FFC1A0B005E00E04B26 /* Release */ = {
			isa = XCBuildConfiguration;
			buildSettings = {
				ALWAYS_SEARCH_USER_PATHS = NO;
				CLANG_CXX_LANGUAGE_STANDARD = "gnu++0x";
				CLANG_CXX_LIBRARY = "libc++";
				CLANG_ENABLE_MODULES = YES;
				CLANG_ENABLE_OBJC_ARC = YES;
				CLANG_WARN_BOOL_CONVERSION = YES;
				CLANG_WARN_CONSTANT_CONVERSION = YES;
				CLANG_WARN_DIRECT_OBJC_ISA_USAGE = YES_ERROR;
				CLANG_WARN_EMPTY_BODY = YES;
				CLANG_WARN_ENUM_CONVERSION = YES;
				CLANG_WARN_INT_CONVERSION = YES;
				CLANG_WARN_OBJC_ROOT_CLASS = YES_ERROR;
				CLANG_WARN_UNREACHABLE_CODE = YES;
				CLANG_WARN__DUPLICATE_METHOD_MATCH = YES;
				"CODE_SIGN_IDENTITY[sdk=iphoneos*]" = "iPhone Developer";
				COPY_PHASE_STRIP = YES;
				ENABLE_NS_ASSERTIONS = NO;
				ENABLE_STRICT_OBJC_MSGSEND = YES;
				GCC_C_LANGUAGE_STANDARD = gnu99;
				GCC_WARN_64_TO_32_BIT_CONVERSION = YES;
				GCC_WARN_ABOUT_RETURN_TYPE = YES_ERROR;
				GCC_WARN_UNDECLARED_SELECTOR = YES;
				GCC_WARN_UNINITIALIZED_AUTOS = YES_AGGRESSIVE;
				GCC_WARN_UNUSED_FUNCTION = YES;
				GCC_WARN_UNUSED_VARIABLE = YES;
				IPHONEOS_DEPLOYMENT_TARGET = 8.1;
				MTL_ENABLE_DEBUG_INFO = NO;
				SDKROOT = iphoneos;
				TARGETED_DEVICE_FAMILY = "1,2";
				VALIDATE_PRODUCT = YES;
			};
			name = Release;
		};
		12379FFE1A0B005E00E04B26 /* Debug */ = {
			isa = XCBuildConfiguration;
			baseConfigurationReference = CB0E9C125640BC2B173627E5 /* Pods-YZImagePickerDemo.debug.xcconfig */;
			buildSettings = {
				ASSETCATALOG_COMPILER_APPICON_NAME = AppIcon;
				INFOPLIST_FILE = YZImagePickerDemo/Info.plist;
				LD_RUNPATH_SEARCH_PATHS = "$(inherited) @executable_path/Frameworks";
				PRODUCT_NAME = "$(TARGET_NAME)";
			};
			name = Debug;
		};
		12379FFF1A0B005E00E04B26 /* Release */ = {
			isa = XCBuildConfiguration;
			baseConfigurationReference = BDC9D5E574076C5080CD31F1 /* Pods-YZImagePickerDemo.release.xcconfig */;
			buildSettings = {
				ASSETCATALOG_COMPILER_APPICON_NAME = AppIcon;
				INFOPLIST_FILE = YZImagePickerDemo/Info.plist;
				LD_RUNPATH_SEARCH_PATHS = "$(inherited) @executable_path/Frameworks";
				PRODUCT_NAME = "$(TARGET_NAME)";
			};
			name = Release;
		};
		1237A0011A0B005E00E04B26 /* Debug */ = {
			isa = XCBuildConfiguration;
			buildSettings = {
				BUNDLE_LOADER = "$(TEST_HOST)";
				FRAMEWORK_SEARCH_PATHS = (
					"$(SDKROOT)/Developer/Library/Frameworks",
					"$(inherited)",
				);
				GCC_PREPROCESSOR_DEFINITIONS = (
					"DEBUG=1",
					"$(inherited)",
				);
				INFOPLIST_FILE = YZImagePickerDemoTests/Info.plist;
				LD_RUNPATH_SEARCH_PATHS = "$(inherited) @executable_path/Frameworks @loader_path/Frameworks";
				PRODUCT_NAME = "$(TARGET_NAME)";
				TEST_HOST = "$(BUILT_PRODUCTS_DIR)/YZImagePickerDemo.app/YZImagePickerDemo";
			};
			name = Debug;
		};
		1237A0021A0B005E00E04B26 /* Release */ = {
			isa = XCBuildConfiguration;
			buildSettings = {
				BUNDLE_LOADER = "$(TEST_HOST)";
				FRAMEWORK_SEARCH_PATHS = (
					"$(SDKROOT)/Developer/Library/Frameworks",
					"$(inherited)",
				);
				INFOPLIST_FILE = YZImagePickerDemoTests/Info.plist;
				LD_RUNPATH_SEARCH_PATHS = "$(inherited) @executable_path/Frameworks @loader_path/Frameworks";
				PRODUCT_NAME = "$(TARGET_NAME)";
				TEST_HOST = "$(BUILT_PRODUCTS_DIR)/YZImagePickerDemo.app/YZImagePickerDemo";
			};
			name = Release;
		};
/* End XCBuildConfiguration section */

/* Begin XCConfigurationList section */
		12379FD51A0B005E00E04B26 /* Build configuration list for PBXProject "YZImagePickerDemo" */ = {
			isa = XCConfigurationList;
			buildConfigurations = (
				12379FFB1A0B005E00E04B26 /* Debug */,
				12379FFC1A0B005E00E04B26 /* Release */,
			);
			defaultConfigurationIsVisible = 0;
			defaultConfigurationName = Release;
		};
		12379FFD1A0B005E00E04B26 /* Build configuration list for PBXNativeTarget "YZImagePickerDemo" */ = {
			isa = XCConfigurationList;
			buildConfigurations = (
				12379FFE1A0B005E00E04B26 /* Debug */,
				12379FFF1A0B005E00E04B26 /* Release */,
			);
			defaultConfigurationIsVisible = 0;
			defaultConfigurationName = Release;
		};
		1237A0001A0B005E00E04B26 /* Build configuration list for PBXNativeTarget "YZImagePickerDemoTests" */ = {
			isa = XCConfigurationList;
			buildConfigurations = (
				1237A0011A0B005E00E04B26 /* Debug */,
				1237A0021A0B005E00E04B26 /* Release */,
			);
			defaultConfigurationIsVisible = 0;
			defaultConfigurationName = Release;
		};
/* End XCConfigurationList section */
	};
	rootObject = 12379FD21A0B005E00E04B26 /* Project object */;
}
